
Microsoft Visual Studio Solution File, Format Version 12.00
# Visual Studio 15
VisualStudioVersion = 15.0.27703.2018
MinimumVisualStudioVersion = 10.0.40219.1
Project("{8BC9CEB8-8B4A-11D0-8D11-00A0C91BC942}") = "Exercice 2", "Exercice2\Exercice2.vcxproj", "{A266A1E3-E017-4CEA-A1E8-3C0CE8D884BC}"
EndProject
Global
	GlobalSection(SolutionConfigurationPlatforms) = preSolution
		Debug|x64 = Debug|x64
		Debug|x86 = Debug|x86
		Release|x64 = Release|x64
		Release|x86 = Release|x86
	EndGlobalSection
	GlobalSection(ProjectConfigurationPlatforms) = postSolution
		{A266A1E3-E017-4CEA-A1E8-3C0CE8D884BC}.Debug|x64.ActiveCfg = Debug|x64
		{A266A1E3-E017-4CEA-A1E8-3C0CE8D884BC}.Debug|x64.Build.0 = Debug|x64
		{A266A1E3-E017-4CEA-A1E8-3C0CE8D884BC}.Debug|x86.ActiveCfg = Debug|Win32
		{A266A1E3-E017-4CEA-A1E8-3C0CE8D884BC}.Debug|x86.Build.0 = Debug|Win32
		{A266A1E3-E017-4CEA-A1E8-3C0CE8D884BC}.Release|x64.ActiveCfg = Release|x64
		{A266A1E3-E017-4CEA-A1E8-3C0CE8D884BC}.Release|x64.Build.0 = Release|x64
		{A266A1E3-E017-4CEA-A1E8-3C0CE8D884BC}.Release|x86.ActiveCfg = Release|Win32
		{A266A1E3-E017-4CEA-A1E8-3C0CE8D884BC}.Release|x86.Build.0 = Release|Win32
	EndGlobalSection
	GlobalSection(SolutionProperties) = preSolution
		HideSolutionNode = FALSE
	EndGlobalSection
	GlobalSection(ExtensibilityGlobals) = postSolution
		SolutionGuid = {92916A70-167D-4D77-81EF-2DBF455368DB}
	EndGlobalSection
EndGlobal
